# Generated by scripts/print_versions.py -- M1_SPEC section 0 day-0 version gate.
# Regenerate on the training box (with --boot-sim) before any training run;
# a lock written on a machine where isaaclab/skrl are 'absent' does NOT
# satisfy the blocking prerequisite.
generated_at: "2026-08-31T08:42:30.777686+00:00"
hostname: "teal-sutd-X870-EAGLE-WIFI7"
platform: "Linux-7.0.0-30-generic-x86_64-with-glibc2.39"
python: "3.11.13"
isaac_sim: "5.1.0-rc.19+release.26219.9c81211b.gl"
isaaclab:
  version: "0.54.4"
  git_sha: "b0542fe2d45bf91c4e1d9ef6952b9c709c80b4e8"
skrl: "2.1.0"
skrl_gate: "pass: skrl 2.1.0 >= 2.0.0"
gymnasium: "1.2.1"
torch: "2.7.0+cu128"
numpy: "1.26.0"
sentence-transformers: "6.0.1"
